
Microsoft Visual Studio Solution File, Format Version 11.00
# Visual Studio 2010
Project("{FAE04EC0-301F-11D3-BF4B-00C04F79EFBC}") = "Assembly-CSharp", "Assembly-CSharp.csproj", "{c55ae4c7-4de6-1f26-df12-5bf4a531e67f}"
EndProject
Project("{FAE04EC0-301F-11D3-BF4B-00C04F79EFBC}") = "JetBrains.Frontend.2020.2", "JetBrains.Frontend.2020.2.csproj", "{8e05f5a6-636c-2961-fa62-e3537bb35d0c}"
EndProject
Global
	GlobalSection(SolutionConfigurationPlatforms) = preSolution
		Debug|Any CPU = Debug|Any CPU
		Release|Any CPU = Release|Any CPU
	EndGlobalSection
	GlobalSection(ProjectConfigurationPlatforms) = postSolution
		{c55ae4c7-4de6-1f26-df12-5bf4a531e67f}.Debug|Any CPU.ActiveCfg = Debug|Any CPU
		{c55ae4c7-4de6-1f26-df12-5bf4a531e67f}.Debug|Any CPU.Build.0 = Debug|Any CPU
		{c55ae4c7-4de6-1f26-df12-5bf4a531e67f}.Release|Any CPU.ActiveCfg = Release|Any CPU
		{c55ae4c7-4de6-1f26-df12-5bf4a531e67f}.Release|Any CPU.Build.0 = Release|Any CPU
		{8e05f5a6-636c-2961-fa62-e3537bb35d0c}.Debug|Any CPU.ActiveCfg = Debug|Any CPU
		{8e05f5a6-636c-2961-fa62-e3537bb35d0c}.Debug|Any CPU.Build.0 = Debug|Any CPU
		{8e05f5a6-636c-2961-fa62-e3537bb35d0c}.Release|Any CPU.ActiveCfg = Release|Any CPU
		{8e05f5a6-636c-2961-fa62-e3537bb35d0c}.Release|Any CPU.Build.0 = Release|Any CPU
	EndGlobalSection
	GlobalSection(SolutionProperties) = preSolution
		HideSolutionNode = FALSE
	EndGlobalSection
EndGlobal
